Microsoft Visual Studio Solution File, Format Version 12.00
# Visual Studio Version 17
VisualStudioVersion = 17.5.2.0
MinimumVisualStudioVersion = 10.0.40219.1
Project("{FAE04EC0-301F-11D3-BF4B-00C04F79EFBC}") = "dzwiek", "dzwiek.csproj", "{6EF21047-D0DD-256A-237E-9A6E582C2EB0}"
EndProject
Global
	GlobalSection(SolutionConfigurationPlatforms) = preSolution
		Debug|Any CPU = Debug|Any CPU
		Release|Any CPU = Release|Any CPU
	EndGlobalSection
	GlobalSection(ProjectConfigurationPlatforms) = postSolution
		{6EF21047-D0DD-256A-237E-9A6E582C2EB0}.Debug|Any CPU.ActiveCfg = Debug|Any CPU
		{6EF21047-D0DD-256A-237E-9A6E582C2EB0}.Debug|Any CPU.Build.0 = Debug|Any CPU
		{6EF21047-D0DD-256A-237E-9A6E582C2EB0}.Release|Any CPU.ActiveCfg = Release|Any CPU
		{6EF21047-D0DD-256A-237E-9A6E582C2EB0}.Release|Any CPU.Build.0 = Release|Any CPU
	EndGlobalSection
	GlobalSection(SolutionProperties) = preSolution
		HideSolutionNode = FALSE
	EndGlobalSection
	GlobalSection(ExtensibilityGlobals) = postSolution
		SolutionGuid = {C751D03A-2800-4096-91DE-87D01B61DB0C}
	EndGlobalSection
EndGlobal
